
Microsoft Visual Studio Solution File, Format Version 12.00
# Visual Studio Version 17
VisualStudioVersion = 17.1.32228.430
MinimumVisualStudioVersion = 10.0.40219.1
Project("{9A19103F-16F7-4668-BE54-9A1E7A4F7556}") = "Estagio", "Estagio\Estagio.csproj", "{24D9DDCE-19F3-40C3-9BA3-7E2B4A13190F}"
EndProject
Project("{2150E333-8FDC-42A3-9474-1A3956D46DE8}") = "1-Web", "1-Web", "{60099998-439E-4F94-B1C8-5C68C09E6D04}"
EndProject
Project("{2150E333-8FDC-42A3-9474-1A3956D46DE8}") = "2-Application", "2-Application", "{B67B78E8-C275-498F-9256-F90B57A0F3B3}"
EndProject
Project("{2150E333-8FDC-42A3-9474-1A3956D46DE8}") = "3-Domain", "3-Domain", "{4853B36F-710F-4AFC-83C5-BA5312FF0E62}"
EndProject
Project("{2150E333-8FDC-42A3-9474-1A3956D46DE8}") = "4-Infra", "4-Infra", "{53161176-5E4A-49CB-886D-1B084A2A283C}"
EndProject
Project("{9A19103F-16F7-4668-BE54-9A1E7A4F7556}") = "Estagio.Application", "Estagio.Application\Estagio.Application.csproj", "{4E07A158-DDD1-4F38-901A-E819722C2C61}"
EndProject
Project("{9A19103F-16F7-4668-BE54-9A1E7A4F7556}") = "Estagio.Domain", "Estagio.Domain\Estagio.Domain.csproj", "{B9B71461-3868-4F65-8306-0F2B858CB314}"
EndProject
Project("{9A19103F-16F7-4668-BE54-9A1E7A4F7556}") = "Estagio.Data", "Estagio.Infra\Estagio.Data.csproj", "{27038C00-6E18-4ED3-9582-3033B88066A4}"
EndProject
Project("{2150E333-8FDC-42A3-9474-1A3956D46DE8}") = "4.1-Data", "4.1-Data", "{EDEEE8B2-9B80-44B2-B04D-515E72485C77}"
EndProject
Project("{2150E333-8FDC-42A3-9474-1A3956D46DE8}") = "4.2-CrossCutting", "4.2-CrossCutting", "{AC543FFF-B7F8-43E8-99A3-5B4300AFCCDC}"
EndProject
Project("{9A19103F-16F7-4668-BE54-9A1E7A4F7556}") = "Estagio.IoC", "Estagio.IoC\Estagio.IoC.csproj", "{E0513D92-4D7D-47C4-BA62-073BC7721AD2}"
EndProject
Project("{FAE04EC0-301F-11D3-BF4B-00C04F79EFBC}") = "Estagio.Auth", "Estagio.Auth\Estagio.Auth.csproj", "{DC92B404-7FEA-4C23-B3E0-1E51673AB6B5}"
EndProject
Global
	GlobalSection(SolutionConfigurationPlatforms) = preSolution
		Debug|Any CPU = Debug|Any CPU
		Release|Any CPU = Release|Any CPU
	EndGlobalSection
	GlobalSection(ProjectConfigurationPlatforms) = postSolution
		{24D9DDCE-19F3-40C3-9BA3-7E2B4A13190F}.Debug|Any CPU.ActiveCfg = Debug|Any CPU
		{24D9DDCE-19F3-40C3-9BA3-7E2B4A13190F}.Debug|Any CPU.Build.0 = Debug|Any CPU
		{24D9DDCE-19F3-40C3-9BA3-7E2B4A13190F}.Release|Any CPU.ActiveCfg = Release|Any CPU
		{24D9DDCE-19F3-40C3-9BA3-7E2B4A13190F}.Release|Any CPU.Build.0 = Release|Any CPU
		{4E07A158-DDD1-4F38-901A-E819722C2C61}.Debug|Any CPU.ActiveCfg = Debug|Any CPU
		{4E07A158-DDD1-4F38-901A-E819722C2C61}.Debug|Any CPU.Build.0 = Debug|Any CPU
		{4E07A158-DDD1-4F38-901A-E819722C2C61}.Release|Any CPU.ActiveCfg = Release|Any CPU
		{4E07A158-DDD1-4F38-901A-E819722C2C61}.Release|Any CPU.Build.0 = Release|Any CPU
		{B9B71461-3868-4F65-8306-0F2B858CB314}.Debug|Any CPU.ActiveCfg = Debug|Any CPU
		{B9B71461-3868-4F65-8306-0F2B858CB314}.Debug|Any CPU.Build.0 = Debug|Any CPU
		{B9B71461-3868-4F65-8306-0F2B858CB314}.Release|Any CPU.ActiveCfg = Release|Any CPU
		{B9B71461-3868-4F65-8306-0F2B858CB314}.Release|Any CPU.Build.0 = Release|Any CPU
		{27038C00-6E18-4ED3-9582-3033B88066A4}.Debug|Any CPU.ActiveCfg = Debug|Any CPU
		{27038C00-6E18-4ED3-9582-3033B88066A4}.Debug|Any CPU.Build.0 = Debug|Any CPU
		{27038C00-6E18-4ED3-9582-3033B88066A4}.Release|Any CPU.ActiveCfg = Release|Any CPU
		{27038C00-6E18-4ED3-9582-3033B88066A4}.Release|Any CPU.Build.0 = Release|Any CPU
		{E0513D92-4D7D-47C4-BA62-073BC7721AD2}.Debug|Any CPU.ActiveCfg = Debug|Any CPU
		{E0513D92-4D7D-47C4-BA62-073BC7721AD2}.Debug|Any CPU.Build.0 = Debug|Any CPU
		{E0513D92-4D7D-47C4-BA62-073BC7721AD2}.Release|Any CPU.ActiveCfg = Release|Any CPU
		{E0513D92-4D7D-47C4-BA62-073BC7721AD2}.Release|Any CPU.Build.0 = Release|Any CPU
		{DC92B404-7FEA-4C23-B3E0-1E51673AB6B5}.Debug|Any CPU.ActiveCfg = Debug|Any CPU
		{DC92B404-7FEA-4C23-B3E0-1E51673AB6B5}.Debug|Any CPU.Build.0 = Debug|Any CPU
		{DC92B404-7FEA-4C23-B3E0-1E51673AB6B5}.Release|Any CPU.ActiveCfg = Release|Any CPU
		{DC92B404-7FEA-4C23-B3E0-1E51673AB6B5}.Release|Any CPU.Build.0 = Release|Any CPU
	EndGlobalSection
	GlobalSection(SolutionProperties) = preSolution
		HideSolutionNode = FALSE
	EndGlobalSection
	GlobalSection(NestedProjects) = preSolution
		{24D9DDCE-19F3-40C3-9BA3-7E2B4A13190F} = {60099998-439E-4F94-B1C8-5C68C09E6D04}
		{4E07A158-DDD1-4F38-901A-E819722C2C61} = {B67B78E8-C275-498F-9256-F90B57A0F3B3}
		{B9B71461-3868-4F65-8306-0F2B858CB314} = {4853B36F-710F-4AFC-83C5-BA5312FF0E62}
		{27038C00-6E18-4ED3-9582-3033B88066A4} = {EDEEE8B2-9B80-44B2-B04D-515E72485C77}
		{EDEEE8B2-9B80-44B2-B04D-515E72485C77} = {53161176-5E4A-49CB-886D-1B084A2A283C}
		{AC543FFF-B7F8-43E8-99A3-5B4300AFCCDC} = {53161176-5E4A-49CB-886D-1B084A2A283C}
		{E0513D92-4D7D-47C4-BA62-073BC7721AD2} = {AC543FFF-B7F8-43E8-99A3-5B4300AFCCDC}
		{DC92B404-7FEA-4C23-B3E0-1E51673AB6B5} = {AC543FFF-B7F8-43E8-99A3-5B4300AFCCDC}
	EndGlobalSection
	GlobalSection(ExtensibilityGlobals) = postSolution
		SolutionGuid = {39B80C52-4E90-4C42-B2D1-F0AD0F21789C}
	EndGlobalSection
EndGlobal
